
Microsoft Visual Studio Solution File, Format Version 10.00
# Visual Studio 2008
Project("{FAE04EC0-301F-11D3-BF4B-00C04F79EFBC}") = "ConfOrm", "ConfOrm\ConfOrm.csproj", "{AC69FE80-5DB0-4A50-AB1A-7D7860C71840}"
EndProject
Project("{FAE04EC0-301F-11D3-BF4B-00C04F79EFBC}") = "ConfOrmTests", "ConfOrmTests\ConfOrmTests.csproj", "{A4D00765-52A1-4D6F-B9AA-6FA24A0D3460}"
EndProject
Project("{2150E333-8FDC-42A3-9474-1A3956D46DE8}") = "Solution Items", "Solution Items", "{B52F6815-60D7-48F3-B62F-3B3997B0939C}"
	ProjectSection(SolutionItems) = preProject
		LGPL_3.0.txt = LGPL_3.0.txt
	EndProjectSection
EndProject
Project("{FAE04EC0-301F-11D3-BF4B-00C04F79EFBC}") = "ConfOrmExample", "ConfOrmExample\ConfOrmExample.csproj", "{48F3D828-A639-4574-9C72-68625318E866}"
EndProject
Global
	GlobalSection(SolutionConfigurationPlatforms) = preSolution
		Debug|Any CPU = Debug|Any CPU
		Release|Any CPU = Release|Any CPU
	EndGlobalSection
	GlobalSection(ProjectConfigurationPlatforms) = postSolution
		{AC69FE80-5DB0-4A50-AB1A-7D7860C71840}.Debug|Any CPU.ActiveCfg = Debug|Any CPU
		{AC69FE80-5DB0-4A50-AB1A-7D7860C71840}.Debug|Any CPU.Build.0 = Debug|Any CPU
		{AC69FE80-5DB0-4A50-AB1A-7D7860C71840}.Release|Any CPU.ActiveCfg = Release|Any CPU
		{AC69FE80-5DB0-4A50-AB1A-7D7860C71840}.Release|Any CPU.Build.0 = Release|Any CPU
		{A4D00765-52A1-4D6F-B9AA-6FA24A0D3460}.Debug|Any CPU.ActiveCfg = Debug|Any CPU
		{A4D00765-52A1-4D6F-B9AA-6FA24A0D3460}.Debug|Any CPU.Build.0 = Debug|Any CPU
		{A4D00765-52A1-4D6F-B9AA-6FA24A0D3460}.Release|Any CPU.ActiveCfg = Release|Any CPU
		{A4D00765-52A1-4D6F-B9AA-6FA24A0D3460}.Release|Any CPU.Build.0 = Release|Any CPU
		{48F3D828-A639-4574-9C72-68625318E866}.Debug|Any CPU.ActiveCfg = Debug|Any CPU
		{48F3D828-A639-4574-9C72-68625318E866}.Debug|Any CPU.Build.0 = Debug|Any CPU
		{48F3D828-A639-4574-9C72-68625318E866}.Release|Any CPU.ActiveCfg = Release|Any CPU
		{48F3D828-A639-4574-9C72-68625318E866}.Release|Any CPU.Build.0 = Release|Any CPU
	EndGlobalSection
	GlobalSection(SolutionProperties) = preSolution
		HideSolutionNode = FALSE
	EndGlobalSection
EndGlobal
